
Microsoft Visual Studio Solution File, Format Version 12.00
# Visual Studio Version 17
VisualStudioVersion = 17.4.33213.308
MinimumVisualStudioVersion = 10.0.40219.1
Project("{F184B08F-C81C-45F6-A57F-5ABD9991F28F}") = "timerchangecolor", "timerchangecolor\timerchangecolor.vbproj", "{F20CB9BB-2DF2-43B7-B85A-34B83DBFBA4A}"
EndProject
Global
	GlobalSection(SolutionConfigurationPlatforms) = preSolution
		Debug|Any CPU = Debug|Any CPU
		Release|Any CPU = Release|Any CPU
	EndGlobalSection
	GlobalSection(ProjectConfigurationPlatforms) = postSolution
		{F20CB9BB-2DF2-43B7-B85A-34B83DBFBA4A}.Debug|Any CPU.ActiveCfg = Debug|Any CPU
		{F20CB9BB-2DF2-43B7-B85A-34B83DBFBA4A}.Debug|Any CPU.Build.0 = Debug|Any CPU
		{F20CB9BB-2DF2-43B7-B85A-34B83DBFBA4A}.Release|Any CPU.ActiveCfg = Release|Any CPU
		{F20CB9BB-2DF2-43B7-B85A-34B83DBFBA4A}.Release|Any CPU.Build.0 = Release|Any CPU
	EndGlobalSection
	GlobalSection(SolutionProperties) = preSolution
		HideSolutionNode = FALSE
	EndGlobalSection
	GlobalSection(ExtensibilityGlobals) = postSolution
		SolutionGuid = {9D399643-D909-445B-B895-DDE618D2DF09}
	EndGlobalSection
EndGlobal
