
Microsoft Visual Studio Solution File, Format Version 12.00
# Visual Studio Version 17
VisualStudioVersion = 17.4.33403.182
MinimumVisualStudioVersion = 10.0.40219.1
Project("{F184B08F-C81C-45F6-A57F-5ABD9991F28F}") = "exp39", "exp39\exp39.vbproj", "{FF6F7A39-26EF-442A-8A69-61F2A8BB2B86}"
EndProject
Global
	GlobalSection(SolutionConfigurationPlatforms) = preSolution
		Debug|Any CPU = Debug|Any CPU
		Release|Any CPU = Release|Any CPU
	EndGlobalSection
	GlobalSection(ProjectConfigurationPlatforms) = postSolution
		{FF6F7A39-26EF-442A-8A69-61F2A8BB2B86}.Debug|Any CPU.ActiveCfg = Debug|Any CPU
		{FF6F7A39-26EF-442A-8A69-61F2A8BB2B86}.Debug|Any CPU.Build.0 = Debug|Any CPU
		{FF6F7A39-26EF-442A-8A69-61F2A8BB2B86}.Release|Any CPU.ActiveCfg = Release|Any CPU
		{FF6F7A39-26EF-442A-8A69-61F2A8BB2B86}.Release|Any CPU.Build.0 = Release|Any CPU
	EndGlobalSection
	GlobalSection(SolutionProperties) = preSolution
		HideSolutionNode = FALSE
	EndGlobalSection
	GlobalSection(ExtensibilityGlobals) = postSolution
		SolutionGuid = {3D60648D-2763-4547-BF42-613AD523B0BE}
	EndGlobalSection
EndGlobal
